# THIS IS AN AUTOGENERATED FILE. DO NOT EDIT THIS FILE DIRECTLY.
# yarn lockfile v1


"@plurid/elementql-parser@^0.0.4":
  version "0.0.4"
  resolved "https://registry.yarnpkg.com/@plurid/elementql-parser/-/elementql-parser-0.0.4.tgz#29bce54f7eafaf6c489dd2ae1057f06d62233649"
  integrity sha512-sMzOd55IKsXSQ9Gf9Kstmol2/MLe8A9MEoPV31oXl4mkT4fq6NYSHw2+t08tz/tgdoA2a+VXK4/nuoZJF05JlA==

"@plurid/elementql-server@^0.0.5":
  version "0.0.5"
  resolved "https://registry.yarnpkg.com/@plurid/elementql-server/-/elementql-server-0.0.5.tgz#658ce107d62cd79a6e5fa3aaec05a94e441f4b7f"
  integrity sha512-CH5cwpAkReZOu5BusvvVgF6xl/F2Lxd3A6aCz4dNTCvv+NUE+HcY+HaifsP1yZNMvR4JUemCupnZjrn3FQr9tw==
  dependencies:
    "@plurid/elementql-parser" "^0.0.4"
    "@plurid/plurid-functions" "^0.1.12"
    open "^7.0.3"
    portscanner "^2.2.0"
    terser "^4.6.11"

"@plurid/plurid-functions@^0.1.12":
  version "0.1.12"
  resolved "https://registry.yarnpkg.com/@plurid/plurid-functions/-/plurid-functions-0.1.12.tgz#044bbd45034501404d34dbb3b185a92229d4f43a"
  integrity sha512-7S12VrAWZtOYuadcuoyTKJM8xOxJhFIpo7AfbAlZneU4fI5xfs9e2fibWnhzvb1MjH5wCQ9aJgRCecEVmy6YdQ==

async@^2.6.0:
  version "2.6.3"
  resolved "https://registry.yarnpkg.com/async/-/async-2.6.3.tgz#d72625e2344a3656e3a3ad4fa749fa83299d82ff"
  integrity sha512-zflvls11DCy+dQWzTW2dzuilv8Z5X/pjfmZOWba6TNIVDm+2UDaJmXSOXlasHKfNBs8oo3M0aT50fDEWfKZjXg==
  dependencies:
    lodash "^4.17.14"

buffer-from@^1.0.0:
  version "1.1.1"
  resolved "https://registry.yarnpkg.com/buffer-from/-/buffer-from-1.1.1.tgz#32713bc028f75c02fdb710d7c7bcec1f2c6070ef"
  integrity sha512-MQcXEUbCKtEo7bhqEs6560Hyd4XaovZlO/k9V3hjVUF/zwW7KBVdSK4gIt/bzwS9MbR5qob+F5jusZsb0YQK2A==

commander@^2.20.0:
  version "2.20.3"
  resolved "https://registry.yarnpkg.com/commander/-/commander-2.20.3.tgz#fd485e84c03eb4881c20722ba48035e8531aeb33"
  integrity sha512-GpVkmM8vF2vQUkj2LvZmD35JxeJOLCwJ9cUkugyk2nuhbv3+mJvpLYYt+0+USMxE+oj+ey/lJEnhZw75x/OMcQ==

is-docker@^2.0.0:
  version "2.0.0"
  resolved "https://registry.yarnpkg.com/is-docker/-/is-docker-2.0.0.tgz#2cb0df0e75e2d064fe1864c37cdeacb7b2dcf25b"
  integrity sha512-pJEdRugimx4fBMra5z2/5iRdZ63OhYV0vr0Dwm5+xtW4D1FvRkB8hamMIhnWfyJeDdyr/aa7BDyNbtG38VxgoQ==

is-number-like@^1.0.3:
  version "1.0.8"
  resolved "https://registry.yarnpkg.com/is-number-like/-/is-number-like-1.0.8.tgz#2e129620b50891042e44e9bbbb30593e75cfbbe3"
  integrity sha512-6rZi3ezCyFcn5L71ywzz2bS5b2Igl1En3eTlZlvKjpz1n3IZLAYMbKYAIQgFmEu0GENg92ziU/faEOA/aixjbA==
  dependencies:
    lodash.isfinite "^3.3.2"

is-wsl@^2.1.1:
  version "2.1.1"
  resolved "https://registry.yarnpkg.com/is-wsl/-/is-wsl-2.1.1.tgz#4a1c152d429df3d441669498e2486d3596ebaf1d"
  integrity sha512-umZHcSrwlDHo2TGMXv0DZ8dIUGunZ2Iv68YZnrmCiBPkZ4aaOhtv7pXJKeki9k3qJ3RJr0cDyitcl5wEH3AYog==

"js-tokens@^3.0.0 || ^4.0.0":
  version "4.0.0"
  resolved "https://registry.yarnpkg.com/js-tokens/-/js-tokens-4.0.0.tgz#19203fb59991df98e3a287050d4647cdeaf32499"
  integrity sha512-RdJUflcE3cUzKiMqQgsCu06FPu9UdIJO0beYbPhHN4k6apgJtifcoCtT9bcxOpYBtpD2kCM6Sbzg4CausW/PKQ==

lodash.isfinite@^3.3.2:
  version "3.3.2"
  resolved "https://registry.yarnpkg.com/lodash.isfinite/-/lodash.isfinite-3.3.2.tgz#fb89b65a9a80281833f0b7478b3a5104f898ebb3"
  integrity sha1-+4m2WpqAKBgz8LdHizpRBPiY67M=

lodash@^4.17.14:
  version "4.17.15"
  resolved "https://registry.yarnpkg.com/lodash/-/lodash-4.17.15.tgz#b447f6670a0455bbfeedd11392eff330ea097548"
  integrity sha512-8xOcRHvCjnocdS5cpwXQXVzmmh5e5+saE2QGoeQmbKmRS6J3VQppPOIt0MnmE+4xlZoumy0GPG0D0MVIQbNA1A==

loose-envify@^1.1.0, loose-envify@^1.4.0:
  version "1.4.0"
  resolved "https://registry.yarnpkg.com/loose-envify/-/loose-envify-1.4.0.tgz#71ee51fa7be4caec1a63839f7e682d8132d30caf"
  integrity sha512-lyuxPGr/Wfhrlem2CL/UcnUc1zcqKAImBDzukY7Y5F/yQiNdko6+fRLevlw1HgMySw7f611UIY408EtxRSoK3Q==
  dependencies:
    js-tokens "^3.0.0 || ^4.0.0"

object-assign@^4.1.1:
  version "4.1.1"
  resolved "https://registry.yarnpkg.com/object-assign/-/object-assign-4.1.1.tgz#2109adc7965887cfc05cbbd442cac8bfbb360863"
  integrity sha1-IQmtx5ZYh8/AXLvUQsrIv7s2CGM=

open@^7.0.3:
  version "7.0.3"
  resolved "https://registry.yarnpkg.com/open/-/open-7.0.3.tgz#db551a1af9c7ab4c7af664139930826138531c48"
  integrity sha512-sP2ru2v0P290WFfv49Ap8MF6PkzGNnGlAwHweB4WR4mr5d2d0woiCluUeJ218w7/+PmoBy9JmYgD5A4mLcWOFA==
  dependencies:
    is-docker "^2.0.0"
    is-wsl "^2.1.1"

portscanner@^2.2.0:
  version "2.2.0"
  resolved "https://registry.yarnpkg.com/portscanner/-/portscanner-2.2.0.tgz#6059189b3efa0965c9d96a56b958eb9508411cf1"
  integrity sha512-IFroCz/59Lqa2uBvzK3bKDbDDIEaAY8XJ1jFxcLWTqosrsc32//P4VuSB2vZXoHiHqOmx8B5L5hnKOxL/7FlPw==
  dependencies:
    async "^2.6.0"
    is-number-like "^1.0.3"

prop-types@^15.6.2:
  version "15.7.2"
  resolved "https://registry.yarnpkg.com/prop-types/-/prop-types-15.7.2.tgz#52c41e75b8c87e72b9d9360e0206b99dcbffa6c5"
  integrity sha512-8QQikdH7//R2vurIJSutZ1smHYTcLpRWEOlHnzcWHmBYrOGUysKwSsrC89BCiFj3CbrfJ/nXFdJepOVrY1GCHQ==
  dependencies:
    loose-envify "^1.4.0"
    object-assign "^4.1.1"
    react-is "^16.8.1"

react-dom@^16.13.1:
  version "16.13.1"
  resolved "https://registry.yarnpkg.com/react-dom/-/react-dom-16.13.1.tgz#c1bd37331a0486c078ee54c4740720993b2e0e7f"
  integrity sha512-81PIMmVLnCNLO/fFOQxdQkvEq/+Hfpv24XNJfpyZhTRfO0QcmQIF/PgCa1zCOj2w1hrn12MFLyaJ/G0+Mxtfag==
  dependencies:
    loose-envify "^1.1.0"
    object-assign "^4.1.1"
    prop-types "^15.6.2"
    scheduler "^0.19.1"

react-is@^16.8.1:
  version "16.13.1"
  resolved "https://registry.yarnpkg.com/react-is/-/react-is-16.13.1.tgz#789729a4dc36de2999dc156dd6c1d9c18cea56a4"
  integrity sha512-24e6ynE2H+OKt4kqsOvNd8kBpV65zoxbA4BVsEOB3ARVWQki/DHzaUoC5KuON/BiccDaCCTZBuOcfZs70kR8bQ==

react@^16.13.1:
  version "16.13.1"
  resolved "https://registry.yarnpkg.com/react/-/react-16.13.1.tgz#2e818822f1a9743122c063d6410d85c1e3afe48e"
  integrity sha512-YMZQQq32xHLX0bz5Mnibv1/LHb3Sqzngu7xstSM+vrkE5Kzr9xE0yMByK5kMoTK30YVJE61WfbxIFFvfeDKT1w==
  dependencies:
    loose-envify "^1.1.0"
    object-assign "^4.1.1"
    prop-types "^15.6.2"

scheduler@^0.19.1:
  version "0.19.1"
  resolved "https://registry.yarnpkg.com/scheduler/-/scheduler-0.19.1.tgz#4f3e2ed2c1a7d65681f4c854fa8c5a1ccb40f196"
  integrity sha512-n/zwRWRYSUj0/3g/otKDRPMh6qv2SYMWNq85IEa8iZyAv8od9zDYpGSnpBEjNgcMNq6Scbu5KfIPxNF72R/2EA==
  dependencies:
    loose-envify "^1.1.0"
    object-assign "^4.1.1"

source-map-support@~0.5.12:
  version "0.5.16"
  resolved "https://registry.yarnpkg.com/source-map-support/-/source-map-support-0.5.16.tgz#0ae069e7fe3ba7538c64c98515e35339eac5a042"
  integrity sha512-efyLRJDr68D9hBBNIPWFjhpFzURh+KJykQwvMyW5UiZzYwoF6l4YMMDIJJEyFWxWCqfyxLzz6tSfUFR+kXXsVQ==
  dependencies:
    buffer-from "^1.0.0"
    source-map "^0.6.0"

source-map@^0.6.0, source-map@~0.6.1:
  version "0.6.1"
  resolved "https://registry.yarnpkg.com/source-map/-/source-map-0.6.1.tgz#74722af32e9614e9c287a8d0bbde48b5e2f1a263"
  integrity sha512-UjgapumWlbMhkBgzT7Ykc5YXUT46F0iKu8SGXq0bcwP5dz/h0Plj6enJqjz1Zbq2l5WaqYnrVbwWOWMyF3F47g==

terser@^4.6.11:
  version "4.6.11"
  resolved "https://registry.yarnpkg.com/terser/-/terser-4.6.11.tgz#12ff99fdd62a26de2a82f508515407eb6ccd8a9f"
  integrity sha512-76Ynm7OXUG5xhOpblhytE7X58oeNSmC8xnNhjWVo8CksHit0U0kO4hfNbPrrYwowLWFgM2n9L176VNx2QaHmtA==
  dependencies:
    commander "^2.20.0"
    source-map "~0.6.1"
    source-map-support "~0.5.12"

typescript@^3.8.3:
  version "3.8.3"
  resolved "https://registry.yarnpkg.com/typescript/-/typescript-3.8.3.tgz#409eb8544ea0335711205869ec458ab109ee1061"
  integrity sha512-MYlEfn5VrLNsgudQTVJeNaQFUAI7DkhnOjdpAp4T+ku1TfQClewlbSuTVHiA+8skNBgaf02TL/kLOvig4y3G8w==
